
Microsoft Visual Studio Solution File, Format Version 12.00
# Visual Studio Version 17
VisualStudioVersion = 17.0.32112.339
MinimumVisualStudioVersion = 10.0.40219.1
Project("{FAE04EC0-301F-11D3-BF4B-00C04F79EFBC}") = "PatikaOdev3", "PatikaOdev3\PatikaOdev3.csproj", "{38851DA1-D0BF-4475-BC05-37D46D42B4B6}"
EndProject
Global
	GlobalSection(SolutionConfigurationPlatforms) = preSolution
		Debug|Any CPU = Debug|Any CPU
		Release|Any CPU = Release|Any CPU
	EndGlobalSection
	GlobalSection(ProjectConfigurationPlatforms) = postSolution
		{38851DA1-D0BF-4475-BC05-37D46D42B4B6}.Debug|Any CPU.ActiveCfg = Debug|Any CPU
		{38851DA1-D0BF-4475-BC05-37D46D42B4B6}.Debug|Any CPU.Build.0 = Debug|Any CPU
		{38851DA1-D0BF-4475-BC05-37D46D42B4B6}.Release|Any CPU.ActiveCfg = Release|Any CPU
		{38851DA1-D0BF-4475-BC05-37D46D42B4B6}.Release|Any CPU.Build.0 = Release|Any CPU
	EndGlobalSection
	GlobalSection(SolutionProperties) = preSolution
		HideSolutionNode = FALSE
	EndGlobalSection
	GlobalSection(ExtensibilityGlobals) = postSolution
		SolutionGuid = {94ECDB41-7188-461A-9595-15F3A1A3ECC7}
	EndGlobalSection
EndGlobal
